
Microsoft Visual Studio Solution File, Format Version 12.00
# Visual Studio Version 17
VisualStudioVersion = 17.8.34330.188
MinimumVisualStudioVersion = 10.0.40219.1
Project("{FAE04EC0-301F-11D3-BF4B-00C04F79EFBC}") = "Controlador", "Controlador\Controlador.csproj", "{1395B7DD-9EE3-4651-B87D-EBE9D65D42BB}"
EndProject
Project("{FAE04EC0-301F-11D3-BF4B-00C04F79EFBC}") = "Modelo", "Modelo\Modelo.csproj", "{FAF9B709-4EB2-47A4-BA75-9EFF0153D712}"
EndProject
Project("{FAE04EC0-301F-11D3-BF4B-00C04F79EFBC}") = "Visual", "Visual\Visual.csproj", "{7C3C5419-7D0F-4E06-B017-1BF6222D6F67}"
EndProject
Project("{2150E333-8FDC-42A3-9474-1A3956D46DE8}") = "Solution Items", "Solution Items", "{1C8732F6-5B6E-4AF0-8DF4-5205FB1C32BB}"
	ProjectSection(SolutionItems) = preProject
		.editorconfig = .editorconfig
	EndProjectSection
EndProject
Project("{FAE04EC0-301F-11D3-BF4B-00C04F79EFBC}") = "Datos", "Datos\Datos.csproj", "{3D99857B-A1D0-41E7-ACBB-82B709A7E9E1}"
EndProject
Global
	GlobalSection(SolutionConfigurationPlatforms) = preSolution
		Debug|Any CPU = Debug|Any CPU
		Release|Any CPU = Release|Any CPU
	EndGlobalSection
	GlobalSection(ProjectConfigurationPlatforms) = postSolution
		{1395B7DD-9EE3-4651-B87D-EBE9D65D42BB}.Debug|Any CPU.ActiveCfg = Debug|Any CPU
		{1395B7DD-9EE3-4651-B87D-EBE9D65D42BB}.Debug|Any CPU.Build.0 = Debug|Any CPU
		{1395B7DD-9EE3-4651-B87D-EBE9D65D42BB}.Release|Any CPU.ActiveCfg = Release|Any CPU
		{1395B7DD-9EE3-4651-B87D-EBE9D65D42BB}.Release|Any CPU.Build.0 = Release|Any CPU
		{FAF9B709-4EB2-47A4-BA75-9EFF0153D712}.Debug|Any CPU.ActiveCfg = Debug|Any CPU
		{FAF9B709-4EB2-47A4-BA75-9EFF0153D712}.Debug|Any CPU.Build.0 = Debug|Any CPU
		{FAF9B709-4EB2-47A4-BA75-9EFF0153D712}.Release|Any CPU.ActiveCfg = Release|Any CPU
		{FAF9B709-4EB2-47A4-BA75-9EFF0153D712}.Release|Any CPU.Build.0 = Release|Any CPU
		{7C3C5419-7D0F-4E06-B017-1BF6222D6F67}.Debug|Any CPU.ActiveCfg = Debug|Any CPU
		{7C3C5419-7D0F-4E06-B017-1BF6222D6F67}.Debug|Any CPU.Build.0 = Debug|Any CPU
		{7C3C5419-7D0F-4E06-B017-1BF6222D6F67}.Release|Any CPU.ActiveCfg = Release|Any CPU
		{7C3C5419-7D0F-4E06-B017-1BF6222D6F67}.Release|Any CPU.Build.0 = Release|Any CPU
		{3D99857B-A1D0-41E7-ACBB-82B709A7E9E1}.Debug|Any CPU.ActiveCfg = Debug|Any CPU
		{3D99857B-A1D0-41E7-ACBB-82B709A7E9E1}.Debug|Any CPU.Build.0 = Debug|Any CPU
		{3D99857B-A1D0-41E7-ACBB-82B709A7E9E1}.Release|Any CPU.ActiveCfg = Release|Any CPU
		{3D99857B-A1D0-41E7-ACBB-82B709A7E9E1}.Release|Any CPU.Build.0 = Release|Any CPU
	EndGlobalSection
	GlobalSection(SolutionProperties) = preSolution
		HideSolutionNode = FALSE
	EndGlobalSection
	GlobalSection(ExtensibilityGlobals) = postSolution
		SolutionGuid = {A5CF140C-9729-4455-84D4-207B7F936281}
	EndGlobalSection
EndGlobal
